
Microsoft Visual Studio Solution File, Format Version 12.00
# Visual Studio Version 17
VisualStudioVersion = 17.8.34112.27
MinimumVisualStudioVersion = 10.0.40219.1
Project("{FAE04EC0-301F-11D3-BF4B-00C04F79EFBC}") = "CollectionViewIssue", "CollectionViewIssue\CollectionViewIssue.csproj", "{0A8D2306-FAA1-4DD3-AB17-EC17E52143AD}"
EndProject
Global
	GlobalSection(SolutionConfigurationPlatforms) = preSolution
		Debug|Any CPU = Debug|Any CPU
		Release|Any CPU = Release|Any CPU
	EndGlobalSection
	GlobalSection(ProjectConfigurationPlatforms) = postSolution
		{0A8D2306-FAA1-4DD3-AB17-EC17E52143AD}.Debug|Any CPU.ActiveCfg = Debug|Any CPU
		{0A8D2306-FAA1-4DD3-AB17-EC17E52143AD}.Debug|Any CPU.Build.0 = Debug|Any CPU
		{0A8D2306-FAA1-4DD3-AB17-EC17E52143AD}.Debug|Any CPU.Deploy.0 = Debug|Any CPU
		{0A8D2306-FAA1-4DD3-AB17-EC17E52143AD}.Release|Any CPU.ActiveCfg = Release|Any CPU
		{0A8D2306-FAA1-4DD3-AB17-EC17E52143AD}.Release|Any CPU.Build.0 = Release|Any CPU
		{0A8D2306-FAA1-4DD3-AB17-EC17E52143AD}.Release|Any CPU.Deploy.0 = Release|Any CPU
	EndGlobalSection
	GlobalSection(SolutionProperties) = preSolution
		HideSolutionNode = FALSE
	EndGlobalSection
	GlobalSection(ExtensibilityGlobals) = postSolution
		SolutionGuid = {CB41FC0D-21C4-4DCC-B983-5531F8699145}
	EndGlobalSection
EndGlobal
